// !$*UTF8*$!
{
	archiveVersion = 1;
	classes = {
	};
	objectVersion = 50;
	objects = {

/* Begin PBXBuildFile section */
		EB0079D526A15A9100AA41B1 /* Roboto-Regular.ttf in Resources */ = {isa = PBXBuildFile; fileRef = EB0079D226A15A9100AA41B1 /* Roboto-Regular.ttf */; };
		EB0079D626A15A9100AA41B1 /* Roboto-Bold.ttf in Resources */ = {isa = PBXBuildFile; fileRef = EB0079D326A15A9100AA41B1 /* Roboto-Bold.ttf */; };
		EB0079D726A15A9100AA41B1 /* Roboto-Medium.ttf in Resources */ = {isa = PBXBuildFile; fileRef = EB0079D426A15A9100AA41B1 /* Roboto-Medium.ttf */; };
		EB0079DA26A15E4B00AA41B1 /* Localizable.strings in Resources */ = {isa = PBXBuildFile; fileRef = EB0079DC26A15E4B00AA41B1 /* Localizable.strings */; };
		EB0079E126A1661C00AA41B1 /* SoundView.swift in Sources */ = {isa = PBXBuildFile; fileRef = EB0079E026A1661C00AA41B1 /* SoundView.swift */; };
		EB0079E426A453A700AA41B1 /* Header.swift in Sources */ = {isa = PBXBuildFile; fileRef = EB0079E326A453A700AA41B1 /* Header.swift */; };
		EB3314E72698C0390072661C /* ThinkApp.swift in Sources */ = {isa = PBXBuildFile; fileRef = EB3314E62698C0390072661C /* ThinkApp.swift */; };
		EB3314E92698C0390072661C /* ListView.swift in Sources */ = {isa = PBXBuildFile; fileRef = EB3314E82698C0390072661C /* ListView.swift */; };
		EB3314EB2698C03B0072661C /* Assets.xcassets in Resources */ = {isa = PBXBuildFile; fileRef = EB3314EA2698C03B0072661C /* Assets.xcassets */; };
		EB3314EE2698C03B0072661C /* Preview Assets.xcassets in Resources */ = {isa = PBXBuildFile; fileRef = EB3314ED2698C03B0072661C /* Preview Assets.xcassets */; };
		EB3314F92698C03B0072661C /* ThinkTests.swift in Sources */ = {isa = PBXBuildFile; fileRef = EB3314F82698C03B0072661C /* ThinkTests.swift */; };
		EB3315042698C03B0072661C /* ListViewTests.swift in Sources */ = {isa = PBXBuildFile; fileRef = EB3315032698C03B0072661C /* ListViewTests.swift */; };
		EB331514269A1AA10072661C /* Colors.xcassets in Resources */ = {isa = PBXBuildFile; fileRef = EB331513269A1AA10072661C /* Colors.xcassets */; };
		EB5E6EEE271AD519006F7DE2 /* SoundCreationModal.swift in Sources */ = {isa = PBXBuildFile; fileRef = EB5E6EED271AD519006F7DE2 /* SoundCreationModal.swift */; };
		EB5E6EF0271AD5C0006F7DE2 /* SoundEditionModal.swift in Sources */ = {isa = PBXBuildFile; fileRef = EB5E6EEF271AD5C0006F7DE2 /* SoundEditionModal.swift */; };
		EB5E6EF2271AD617006F7DE2 /* ActionBar.swift in Sources */ = {isa = PBXBuildFile; fileRef = EB5E6EF1271AD617006F7DE2 /* ActionBar.swift */; };
		EB5FD61E270592B5005D6009 /* Launch Screen.storyboard in Resources */ = {isa = PBXBuildFile; fileRef = EB5FD61D270592B5005D6009 /* Launch Screen.storyboard */; };
		EB9335CC26B1F92C00689249 /* RecordItem.swift in Sources */ = {isa = PBXBuildFile; fileRef = EB9335CB26B1F92C00689249 /* RecordItem.swift */; };
		EB97074727212C9B009A91EB /* SoundViewTests.swift in Sources */ = {isa = PBXBuildFile; fileRef = EB97074627212C9B009A91EB /* SoundViewTests.swift */; };
		EBA83D5126B28C3F004040F4 /* SoundEntity.swift in Sources */ = {isa = PBXBuildFile; fileRef = EBA83D5026B28C3F004040F4 /* SoundEntity.swift */; };
		EBFBBAF1270719AF00B48CE9 /* Store.xcdatamodeld in Sources */ = {isa = PBXBuildFile; fileRef = EBFBBAEF270719AF00B48CE9 /* Store.xcdatamodeld */; };
		EBFBBAF327071B5500B48CE9 /* PersistenceController.swift in Sources */ = {isa = PBXBuildFile; fileRef = EBFBBAF227071B5500B48CE9 /* PersistenceController.swift */; };
/* End PBXBuildFile section */

/* Begin PBXContainerItemProxy section */
		EB3314F52698C03B0072661C /* PBXContainerItemProxy */ = {
			isa = PBXContainerItemProxy;
			containerPortal = EB3314DB2698C0390072661C /* Project object */;
			proxyType = 1;
			remoteGlobalIDString = EB3314E22698C0390072661C;
			remoteInfo = Think;
		};
		EB3315002698C03B0072661C /* PBXContainerItemProxy */ = {
			isa = PBXContainerItemProxy;
			containerPortal = EB3314DB2698C0390072661C /* Project object */;
			proxyType = 1;
			remoteGlobalIDString = EB3314E22698C0390072661C;
			remoteInfo = Think;
		};
/* End PBXContainerItemProxy section */

/* Begin PBXFileReference section */
		EB0079D226A15A9100AA41B1 /* Roboto-Regular.ttf */ = {isa = PBXFileReference; lastKnownFileType = file; path = "Roboto-Regular.ttf"; sourceTree = "<group>"; };
		EB0079D326A15A9100AA41B1 /* Roboto-Bold.ttf */ = {isa = PBXFileReference; lastKnownFileType = file; path = "Roboto-Bold.ttf"; sourceTree = "<group>"; };
		EB0079D426A15A9100AA41B1 /* Roboto-Medium.ttf */ = {isa = PBXFileReference; lastKnownFileType = file; path = "Roboto-Medium.ttf"; sourceTree = "<group>"; };
		EB0079DB26A15E4B00AA41B1 /* en */ = {isa = PBXFileReference; lastKnownFileType = text.plist.strings; name = en; path = en.lproj/Localizable.strings; sourceTree = "<group>"; };
		EB0079DD26A15E5F00AA41B1 /* fr */ = {isa = PBXFileReference; lastKnownFileType = text.plist.strings; name = fr; path = fr.lproj/Localizable.strings; sourceTree = "<group>"; };
		EB0079E026A1661C00AA41B1 /* SoundView.swift */ = {isa = PBXFileReference; lastKnownFileType = sourcecode.swift; path = SoundView.swift; sourceTree = "<group>"; };
		EB0079E326A453A700AA41B1 /* Header.swift */ = {isa = PBXFileReference; lastKnownFileType = sourcecode.swift; path = Header.swift; sourceTree = "<group>"; };
		EB3314E32698C0390072661C /* Think.app */ = {isa = PBXFileReference; explicitFileType = wrapper.application; includeInIndex = 0; path = Think.app; sourceTree = BUILT_PRODUCTS_DIR; };
		EB3314E62698C0390072661C /* ThinkApp.swift */ = {isa = PBXFileReference; lastKnownFileType = sourcecode.swift; path = ThinkApp.swift; sourceTree = "<group>"; };
		EB3314E82698C0390072661C /* ListView.swift */ = {isa = PBXFileReference; lastKnownFileType = sourcecode.swift; path = ListView.swift; sourceTree = "<group>"; };
		EB3314EA2698C03B0072661C /* Assets.xcassets */ = {isa = PBXFileReference; lastKnownFileType = folder.assetcatalog; path = Assets.xcassets; sourceTree = "<group>"; };
		EB3314ED2698C03B0072661C /* Preview Assets.xcassets */ = {isa = PBXFileReference; lastKnownFileType = folder.assetcatalog; path = "Preview Assets.xcassets"; sourceTree = "<group>"; };
		EB3314EF2698C03B0072661C /* Info.plist */ = {isa = PBXFileReference; lastKnownFileType = text.plist.xml; path = Info.plist; sourceTree = "<group>"; };
		EB3314F42698C03B0072661C /* ThinkTests.xctest */ = {isa = PBXFileReference; explicitFileType = wrapper.cfbundle; includeInIndex = 0; path = ThinkTests.xctest; sourceTree = BUILT_PRODUCTS_DIR; };
		EB3314F82698C03B0072661C /* ThinkTests.swift */ = {isa = PBXFileReference; lastKnownFileType = sourcecode.swift; path = ThinkTests.swift; sourceTree = "<group>"; };
		EB3314FA2698C03B0072661C /* Info.plist */ = {isa = PBXFileReference; lastKnownFileType = text.plist.xml; path = Info.plist; sourceTree = "<group>"; };
		EB3314FF2698C03B0072661C /* ThinkUITests.xctest */ = {isa = PBXFileReference; explicitFileType = wrapper.cfbundle; includeInIndex = 0; path = ThinkUITests.xctest; sourceTree = BUILT_PRODUCTS_DIR; };
		EB3315032698C03B0072661C /* ListViewTests.swift */ = {isa = PBXFileReference; lastKnownFileType = sourcecode.swift; path = ListViewTests.swift; sourceTree = "<group>"; };
		EB3315052698C03B0072661C /* Info.plist */ = {isa = PBXFileReference; lastKnownFileType = text.plist.xml; path = Info.plist; sourceTree = "<group>"; };
		EB3315112698C7C40072661C /* README.md */ = {isa = PBXFileReference; lastKnownFileType = net.daringfireball.markdown; path = README.md; sourceTree = "<group>"; };
		EB331512269A19090072661C /* CHANGELOG.md */ = {isa = PBXFileReference; lastKnownFileType = net.daringfireball.markdown; path = CHANGELOG.md; sourceTree = "<group>"; };
		EB331513269A1AA10072661C /* Colors.xcassets */ = {isa = PBXFileReference; lastKnownFileType = folder.assetcatalog; path = Colors.xcassets; sourceTree = "<group>"; };
		EB5E6EED271AD519006F7DE2 /* SoundCreationModal.swift */ = {isa = PBXFileReference; lastKnownFileType = sourcecode.swift; path = SoundCreationModal.swift; sourceTree = "<group>"; };
		EB5E6EEF271AD5C0006F7DE2 /* SoundEditionModal.swift */ = {isa = PBXFileReference; lastKnownFileType = sourcecode.swift; path = SoundEditionModal.swift; sourceTree = "<group>"; };
		EB5E6EF1271AD617006F7DE2 /* ActionBar.swift */ = {isa = PBXFileReference; lastKnownFileType = sourcecode.swift; path = ActionBar.swift; sourceTree = "<group>"; };
		EB5FD61D270592B5005D6009 /* Launch Screen.storyboard */ = {isa = PBXFileReference; lastKnownFileType = file.storyboard; path = "Launch Screen.storyboard"; sourceTree = "<group>"; };
		EB9335CB26B1F92C00689249 /* RecordItem.swift */ = {isa = PBXFileReference; lastKnownFileType = sourcecode.swift; path = RecordItem.swift; sourceTree = "<group>"; };
		EB97074627212C9B009A91EB /* SoundViewTests.swift */ = {isa = PBXFileReference; lastKnownFileType = sourcecode.swift; path = SoundViewTests.swift; sourceTree = "<group>"; };
		EBA83D5026B28C3F004040F4 /* SoundEntity.swift */ = {isa = PBXFileReference; lastKnownFileType = sourcecode.swift; path = SoundEntity.swift; sourceTree = "<group>"; };
		EBFBBAF0270719AF00B48CE9 /* Store.xcdatamodel */ = {isa = PBXFileReference; lastKnownFileType = wrapper.xcdatamodel; path = Store.xcdatamodel; sourceTree = "<group>"; };
		EBFBBAF227071B5500B48CE9 /* PersistenceController.swift */ = {isa = PBXFileReference; lastKnownFileType = sourcecode.swift; path = PersistenceController.swift; sourceTree = "<group>"; };
/* End PBXFileReference section */

/* Begin PBXFrameworksBuildPhase section */
		EB3314E02698C0390072661C /* Frameworks */ = {
			isa = PBXFrameworksBuildPhase;
			buildActionMask = 2147483647;
			files = (
			);
			runOnlyForDeploymentPostprocessing = 0;
		};
		EB3314F12698C03B0072661C /* Frameworks */ = {
			isa = PBXFrameworksBuildPhase;
			buildActionMask = 2147483647;
			files = (
			);
			runOnlyForDeploymentPostprocessing = 0;
		};
		EB3314FC2698C03B0072661C /* Frameworks */ = {
			isa = PBXFrameworksBuildPhase;
			buildActionMask = 2147483647;
			files = (
			);
			runOnlyForDeploymentPostprocessing = 0;
		};
/* End PBXFrameworksBuildPhase section */

/* Begin PBXGroup section */
		EB0079D026A15A4300AA41B1 /* Resources */ = {
			isa = PBXGroup;
			children = (
				EB0079DC26A15E4B00AA41B1 /* Localizable.strings */,
				EB0079D126A15A7400AA41B1 /* Fonts */,
			);
			path = Resources;
			sourceTree = "<group>";
		};
		EB0079D126A15A7400AA41B1 /* Fonts */ = {
			isa = PBXGroup;
			children = (
				EB0079D326A15A9100AA41B1 /* Roboto-Bold.ttf */,
				EB0079D426A15A9100AA41B1 /* Roboto-Medium.ttf */,
				EB0079D226A15A9100AA41B1 /* Roboto-Regular.ttf */,
			);
			path = Fonts;
			sourceTree = "<group>";
		};
		EB0079DE26A164FE00AA41B1 /* Views */ = {
			isa = PBXGroup;
			children = (
				EB3314E82698C0390072661C /* ListView.swift */,
				EB0079E026A1661C00AA41B1 /* SoundView.swift */,
				EB5FD61D270592B5005D6009 /* Launch Screen.storyboard */,
			);
			path = Views;
			sourceTree = "<group>";
		};
		EB0079DF26A1653C00AA41B1 /* Supporting Files */ = {
			isa = PBXGroup;
			children = (
				EB3314E62698C0390072661C /* ThinkApp.swift */,
				EB3314EF2698C03B0072661C /* Info.plist */,
			);
			path = "Supporting Files";
			sourceTree = "<group>";
		};
		EB0079E226A4539100AA41B1 /* Ui */ = {
			isa = PBXGroup;
			children = (
				EB0079E326A453A700AA41B1 /* Header.swift */,
				EB9335CB26B1F92C00689249 /* RecordItem.swift */,
				EB5E6EF1271AD617006F7DE2 /* ActionBar.swift */,
			);
			path = Ui;
			sourceTree = "<group>";
		};
		EB3314DA2698C0390072661C = {
			isa = PBXGroup;
			children = (
				EB331512269A19090072661C /* CHANGELOG.md */,
				EB3315112698C7C40072661C /* README.md */,
				EB3314E52698C0390072661C /* Think */,
				EB3314F72698C03B0072661C /* ThinkTests */,
				EB3315022698C03B0072661C /* ThinkUITests */,
				EB3314E42698C0390072661C /* Products */,
			);
			sourceTree = "<group>";
		};
		EB3314E42698C0390072661C /* Products */ = {
			isa = PBXGroup;
			children = (
				EB3314E32698C0390072661C /* Think.app */,
				EB3314F42698C03B0072661C /* ThinkTests.xctest */,
				EB3314FF2698C03B0072661C /* ThinkUITests.xctest */,
			);
			name = Products;
			sourceTree = "<group>";
		};
		EB3314E52698C0390072661C /* Think */ = {
			isa = PBXGroup;
			children = (
				EB5E6EEC271AD4F6006F7DE2 /* Modals */,
				EBFBBAEE2707199500B48CE9 /* Storage */,
				EBA83D4F26B28C10004040F4 /* Model */,
				EB0079E226A4539100AA41B1 /* Ui */,
				EB0079DF26A1653C00AA41B1 /* Supporting Files */,
				EB0079DE26A164FE00AA41B1 /* Views */,
				EB0079D026A15A4300AA41B1 /* Resources */,
				EB3314EA2698C03B0072661C /* Assets.xcassets */,
				EB331513269A1AA10072661C /* Colors.xcassets */,
				EB3314EC2698C03B0072661C /* Preview Content */,
			);
			path = Think;
			sourceTree = "<group>";
		};
		EB3314EC2698C03B0072661C /* Preview Content */ = {
			isa = PBXGroup;
			children = (
				EB3314ED2698C03B0072661C /* Preview Assets.xcassets */,
			);
			path = "Preview Content";
			sourceTree = "<group>";
		};
		EB3314F72698C03B0072661C /* ThinkTests */ = {
			isa = PBXGroup;
			children = (
				EB3314F82698C03B0072661C /* ThinkTests.swift */,
				EB3314FA2698C03B0072661C /* Info.plist */,
			);
			path = ThinkTests;
			sourceTree = "<group>";
		};
		EB3315022698C03B0072661C /* ThinkUITests */ = {
			isa = PBXGroup;
			children = (
				EB3315032698C03B0072661C /* ListViewTests.swift */,
				EB3315052698C03B0072661C /* Info.plist */,
				EB97074627212C9B009A91EB /* SoundViewTests.swift */,
			);
			path = ThinkUITests;
			sourceTree = "<group>";
		};
		EB5E6EEC271AD4F6006F7DE2 /* Modals */ = {
			isa = PBXGroup;
			children = (
				EB5E6EED271AD519006F7DE2 /* SoundCreationModal.swift */,
				EB5E6EEF271AD5C0006F7DE2 /* SoundEditionModal.swift */,
			);
			path = Modals;
			sourceTree = "<group>";
		};
		EBA83D4F26B28C10004040F4 /* Model */ = {
			isa = PBXGroup;
			children = (
				EBA83D5026B28C3F004040F4 /* SoundEntity.swift */,
			);
			path = Model;
			sourceTree = "<group>";
		};
		EBFBBAEE2707199500B48CE9 /* Storage */ = {
			isa = PBXGroup;
			children = (
				EBFBBAEF270719AF00B48CE9 /* Store.xcdatamodeld */,
				EBFBBAF227071B5500B48CE9 /* PersistenceController.swift */,
			);
			path = Storage;
			sourceTree = "<group>";
		};
/* End PBXGroup section */

/* Begin PBXNativeTarget section */
		EB3314E22698C0390072661C /* Think */ = {
			isa = PBXNativeTarget;
			buildConfigurationList = EB3315082698C03B0072661C /* Build configuration list for PBXNativeTarget "Think" */;
			buildPhases = (
				EB3314DF2698C0390072661C /* Sources */,
				EB3314E02698C0390072661C /* Frameworks */,
				EB3314E12698C0390072661C /* Resources */,
			);
			buildRules = (
			);
			dependencies = (
			);
			name = Think;
			productName = Think;
			productReference = EB3314E32698C0390072661C /* Think.app */;
			productType = "com.apple.product-type.application";
		};
		EB3314F32698C03B0072661C /* ThinkTests */ = {
			isa = PBXNativeTarget;
			buildConfigurationList = EB33150B2698C03B0072661C /* Build configuration list for PBXNativeTarget "ThinkTests" */;
			buildPhases = (
				EB3314F02698C03B0072661C /* Sources */,
				EB3314F12698C03B0072661C /* Frameworks */,
				EB3314F22698C03B0072661C /* Resources */,
			);
			buildRules = (
			);
			dependencies = (
				EB3314F62698C03B0072661C /* PBXTargetDependency */,
			);
			name = ThinkTests;
			productName = ThinkTests;
			productReference = EB3314F42698C03B0072661C /* ThinkTests.xctest */;
			productType = "com.apple.product-type.bundle.unit-test";
		};
		EB3314FE2698C03B0072661C /* ThinkUITests */ = {
			isa = PBXNativeTarget;
			buildConfigurationList = EB33150E2698C03B0072661C /* Build configuration list for PBXNativeTarget "ThinkUITests" */;
			buildPhases = (
				EB3314FB2698C03B0072661C /* Sources */,
				EB3314FC2698C03B0072661C /* Frameworks */,
				EB3314FD2698C03B0072661C /* Resources */,
			);
			buildRules = (
			);
			dependencies = (
				EB3315012698C03B0072661C /* PBXTargetDependency */,
			);
			name = ThinkUITests;
			productName = ThinkUITests;
			productReference = EB3314FF2698C03B0072661C /* ThinkUITests.xctest */;
			productType = "com.apple.product-type.bundle.ui-testing";
		};
/* End PBXNativeTarget section */

/* Begin PBXProject section */
		EB3314DB2698C0390072661C /* Project object */ = {
			isa = PBXProject;
			attributes = {
				LastSwiftUpdateCheck = 1250;
				LastUpgradeCheck = 1300;
				TargetAttributes = {
					EB3314E22698C0390072661C = {
						CreatedOnToolsVersion = 12.5.1;
					};
					EB3314F32698C03B0072661C = {
						CreatedOnToolsVersion = 12.5.1;
						TestTargetID = EB3314E22698C0390072661C;
					};
					EB3314FE2698C03B0072661C = {
						CreatedOnToolsVersion = 12.5.1;
						TestTargetID = EB3314E22698C0390072661C;
					};
				};
			};
			buildConfigurationList = EB3314DE2698C0390072661C /* Build configuration list for PBXProject "Think" */;
			compatibilityVersion = "Xcode 9.3";
			developmentRegion = en;
			hasScannedForEncodings = 0;
			knownRegions = (
				en,
				fr,
				Base,
			);
			mainGroup = EB3314DA2698C0390072661C;
			productRefGroup = EB3314E42698C0390072661C /* Products */;
			projectDirPath = "";
			projectRoot = "";
			targets = (
				EB3314E22698C0390072661C /* Think */,
				EB3314F32698C03B0072661C /* ThinkTests */,
				EB3314FE2698C03B0072661C /* ThinkUITests */,
			);
		};
/* End PBXProject section */

/* Begin PBXResourcesBuildPhase section */
		EB3314E12698C0390072661C /* Resources */ = {
			isa = PBXResourcesBuildPhase;
			buildActionMask = 2147483647;
			files = (
				EB331514269A1AA10072661C /* Colors.xcassets in Resources */,
				EB3314EE2698C03B0072661C /* Preview Assets.xcassets in Resources */,
				EB5FD61E270592B5005D6009 /* Launch Screen.storyboard in Resources */,
				EB0079D726A15A9100AA41B1 /* Roboto-Medium.ttf in Resources */,
				EB0079DA26A15E4B00AA41B1 /* Localizable.strings in Resources */,
				EB0079D626A15A9100AA41B1 /* Roboto-Bold.ttf in Resources */,
				EB0079D526A15A9100AA41B1 /* Roboto-Regular.ttf in Resources */,
				EB3314EB2698C03B0072661C /* Assets.xcassets in Resources */,
			);
			runOnlyForDeploymentPostprocessing = 0;
		};
		EB3314F22698C03B0072661C /* Resources */ = {
			isa = PBXResourcesBuildPhase;
			buildActionMask = 2147483647;
			files = (
			);
			runOnlyForDeploymentPostprocessing = 0;
		};
		EB3314FD2698C03B0072661C /* Resources */ = {
			isa = PBXResourcesBuildPhase;
			buildActionMask = 2147483647;
			files = (
			);
			runOnlyForDeploymentPostprocessing = 0;
		};
/* End PBXResourcesBuildPhase section */

/* Begin PBXSourcesBuildPhase section */
		EB3314DF2698C0390072661C /* Sources */ = {
			isa = PBXSourcesBuildPhase;
			buildActionMask = 2147483647;
			files = (
				EB0079E426A453A700AA41B1 /* Header.swift in Sources */,
				EB5E6EF2271AD617006F7DE2 /* ActionBar.swift in Sources */,
				EBFBBAF1270719AF00B48CE9 /* Store.xcdatamodeld in Sources */,
				EB5E6EF0271AD5C0006F7DE2 /* SoundEditionModal.swift in Sources */,
				EB3314E92698C0390072661C /* ListView.swift in Sources */,
				EBA83D5126B28C3F004040F4 /* SoundEntity.swift in Sources */,
				EB9335CC26B1F92C00689249 /* RecordItem.swift in Sources */,
				EB5E6EEE271AD519006F7DE2 /* SoundCreationModal.swift in Sources */,
				EB0079E126A1661C00AA41B1 /* SoundView.swift in Sources */,
				EB3314E72698C0390072661C /* ThinkApp.swift in Sources */,
				EBFBBAF327071B5500B48CE9 /* PersistenceController.swift in Sources */,
			);
			runOnlyForDeploymentPostprocessing = 0;
		};
		EB3314F02698C03B0072661C /* Sources */ = {
			isa = PBXSourcesBuildPhase;
			buildActionMask = 2147483647;
			files = (
				EB3314F92698C03B0072661C /* ThinkTests.swift in Sources */,
			);
			runOnlyForDeploymentPostprocessing = 0;
		};
		EB3314FB2698C03B0072661C /* Sources */ = {
			isa = PBXSourcesBuildPhase;
			buildActionMask = 2147483647;
			files = (
				EB97074727212C9B009A91EB /* SoundViewTests.swift in Sources */,
				EB3315042698C03B0072661C /* ListViewTests.swift in Sources */,
			);
			runOnlyForDeploymentPostprocessing = 0;
		};
/* End PBXSourcesBuildPhase section */

/* Begin PBXTargetDependency section */
		EB3314F62698C03B0072661C /* PBXTargetDependency */ = {
			isa = PBXTargetDependency;
			target = EB3314E22698C0390072661C /* Think */;
			targetProxy = EB3314F52698C03B0072661C /* PBXContainerItemProxy */;
		};
		EB3315012698C03B0072661C /* PBXTargetDependency */ = {
			isa = PBXTargetDependency;
			target = EB3314E22698C0390072661C /* Think */;
			targetProxy = EB3315002698C03B0072661C /* PBXContainerItemProxy */;
		};
/* End PBXTargetDependency section */

/* Begin PBXVariantGroup section */
		EB0079DC26A15E4B00AA41B1 /* Localizable.strings */ = {
			isa = PBXVariantGroup;
			children = (
				EB0079DB26A15E4B00AA41B1 /* en */,
				EB0079DD26A15E5F00AA41B1 /* fr */,
			);
			name = Localizable.strings;
			path = Think;
			sourceTree = SOURCE_ROOT;
		};
/* End PBXVariantGroup section */

/* Begin XCBuildConfiguration section */
		EB3315062698C03B0072661C /* Debug */ = {
			isa = XCBuildConfiguration;
			buildSettings = {
				ALWAYS_SEARCH_USER_PATHS = NO;
				CLANG_ANALYZER_LOCALIZABILITY_NONLOCALIZED = YES;
				CLANG_ANALYZER_NONNULL = YES;
				CLANG_ANALYZER_NUMBER_OBJECT_CONVERSION = YES_AGGRESSIVE;
				CLANG_CXX_LANGUAGE_STANDARD = "gnu++14";
				CLANG_CXX_LIBRARY = "libc++";
				CLANG_ENABLE_MODULES = YES;
				CLANG_ENABLE_OBJC_ARC = YES;
				CLANG_ENABLE_OBJC_WEAK = YES;
				CLANG_WARN_BLOCK_CAPTURE_AUTORELEASING = YES;
				CLANG_WARN_BOOL_CONVERSION = YES;
				CLANG_WARN_COMMA = YES;
				CLANG_WARN_CONSTANT_CONVERSION = YES;
				CLANG_WARN_DEPRECATED_OBJC_IMPLEMENTATIONS = YES;
				CLANG_WARN_DIRECT_OBJC_ISA_USAGE = YES_ERROR;
				CLANG_WARN_DOCUMENTATION_COMMENTS = YES;
				CLANG_WARN_EMPTY_BODY = YES;
				CLANG_WARN_ENUM_CONVERSION = YES;
				CLANG_WARN_INFINITE_RECURSION = YES;
				CLANG_WARN_INT_CONVERSION = YES;
				CLANG_WARN_NON_LITERAL_NULL_CONVERSION = YES;
				CLANG_WARN_OBJC_IMPLICIT_RETAIN_SELF = YES;
				CLANG_WARN_OBJC_LITERAL_CONVERSION = YES;
				CLANG_WARN_OBJC_ROOT_CLASS = YES_ERROR;
				CLANG_WARN_QUOTED_INCLUDE_IN_FRAMEWORK_HEADER = YES;
				CLANG_WARN_RANGE_LOOP_ANALYSIS = YES;
				CLANG_WARN_STRICT_PROTOTYPES = YES;
				CLANG_WARN_SUSPICIOUS_MOVE = YES;
				CLANG_WARN_UNGUARDED_AVAILABILITY = YES_AGGRESSIVE;
				CLANG_WARN_UNREACHABLE_CODE = YES;
				CLANG_WARN__DUPLICATE_METHOD_MATCH = YES;
				COPY_PHASE_STRIP = NO;
				DEBUG_INFORMATION_FORMAT = dwarf;
				ENABLE_STRICT_OBJC_MSGSEND = YES;
				ENABLE_TESTABILITY = YES;
				GCC_C_LANGUAGE_STANDARD = gnu11;
				GCC_DYNAMIC_NO_PIC = NO;
				GCC_NO_COMMON_BLOCKS = YES;
				GCC_OPTIMIZATION_LEVEL = 0;
				GCC_PREPROCESSOR_DEFINITIONS = (
					"DEBUG=1",
					"$(inherited)",
				);
				GCC_WARN_64_TO_32_BIT_CONVERSION = YES;
				GCC_WARN_ABOUT_RETURN_TYPE = YES_ERROR;
				GCC_WARN_UNDECLARED_SELECTOR = YES;
				GCC_WARN_UNINITIALIZED_AUTOS = YES_AGGRESSIVE;
				GCC_WARN_UNUSED_FUNCTION = YES;
				GCC_WARN_UNUSED_VARIABLE = YES;
				IPHONEOS_DEPLOYMENT_TARGET = 14.5;
				MTL_ENABLE_DEBUG_INFO = INCLUDE_SOURCE;
				MTL_FAST_MATH = YES;
				ONLY_ACTIVE_ARCH = YES;
				SDKROOT = iphoneos;
				SWIFT_ACTIVE_COMPILATION_CONDITIONS = DEBUG;
				SWIFT_OPTIMIZATION_LEVEL = "-Onone";
			};
			name = Debug;
		};
		EB3315072698C03B0072661C /* Release */ = {
			isa = XCBuildConfiguration;
			buildSettings = {
				ALWAYS_SEARCH_USER_PATHS = NO;
				CLANG_ANALYZER_LOCALIZABILITY_NONLOCALIZED = YES;
				CLANG_ANALYZER_NONNULL = YES;
				CLANG_ANALYZER_NUMBER_OBJECT_CONVERSION = YES_AGGRESSIVE;
				CLANG_CXX_LANGUAGE_STANDARD = "gnu++14";
				CLANG_CXX_LIBRARY = "libc++";
				CLANG_ENABLE_MODULES = YES;
				CLANG_ENABLE_OBJC_ARC = YES;
				CLANG_ENABLE_OBJC_WEAK = YES;
				CLANG_WARN_BLOCK_CAPTURE_AUTORELEASING = YES;
				CLANG_WARN_BOOL_CONVERSION = YES;
				CLANG_WARN_COMMA = YES;
				CLANG_WARN_CONSTANT_CONVERSION = YES;
				CLANG_WARN_DEPRECATED_OBJC_IMPLEMENTATIONS = YES;
				CLANG_WARN_DIRECT_OBJC_ISA_USAGE = YES_ERROR;
				CLANG_WARN_DOCUMENTATION_COMMENTS = YES;
				CLANG_WARN_EMPTY_BODY = YES;
				CLANG_WARN_ENUM_CONVERSION = YES;
				CLANG_WARN_INFINITE_RECURSION = YES;
				CLANG_WARN_INT_CONVERSION = YES;
				CLANG_WARN_NON_LITERAL_NULL_CONVERSION = YES;
				CLANG_WARN_OBJC_IMPLICIT_RETAIN_SELF = YES;
				CLANG_WARN_OBJC_LITERAL_CONVERSION = YES;
				CLANG_WARN_OBJC_ROOT_CLASS = YES_ERROR;
				CLANG_WARN_QUOTED_INCLUDE_IN_FRAMEWORK_HEADER = YES;
				CLANG_WARN_RANGE_LOOP_ANALYSIS = YES;
				CLANG_WARN_STRICT_PROTOTYPES = YES;
				CLANG_WARN_SUSPICIOUS_MOVE = YES;
				CLANG_WARN_UNGUARDED_AVAILABILITY = YES_AGGRESSIVE;
				CLANG_WARN_UNREACHABLE_CODE = YES;
				CLANG_WARN__DUPLICATE_METHOD_MATCH = YES;
				COPY_PHASE_STRIP = NO;
				DEBUG_INFORMATION_FORMAT = "dwarf-with-dsym";
				ENABLE_NS_ASSERTIONS = NO;
				ENABLE_STRICT_OBJC_MSGSEND = YES;
				GCC_C_LANGUAGE_STANDARD = gnu11;
				GCC_NO_COMMON_BLOCKS = YES;
				GCC_WARN_64_TO_32_BIT_CONVERSION = YES;
				GCC_WARN_ABOUT_RETURN_TYPE = YES_ERROR;
				GCC_WARN_UNDECLARED_SELECTOR = YES;
				GCC_WARN_UNINITIALIZED_AUTOS = YES_AGGRESSIVE;
				GCC_WARN_UNUSED_FUNCTION = YES;
				GCC_WARN_UNUSED_VARIABLE = YES;
				IPHONEOS_DEPLOYMENT_TARGET = 14.5;
				MTL_ENABLE_DEBUG_INFO = NO;
				MTL_FAST_MATH = YES;
				SDKROOT = iphoneos;
				SWIFT_COMPILATION_MODE = wholemodule;
				SWIFT_OPTIMIZATION_LEVEL = "-O";
				VALIDATE_PRODUCT = YES;
			};
			name = Release;
		};
		EB3315092698C03B0072661C /* Debug */ = {
			isa = XCBuildConfiguration;
			buildSettings = {
				ASSETCATALOG_COMPILER_APPICON_NAME = AppIcon;
				ASSETCATALOG_COMPILER_GLOBAL_ACCENT_COLOR_NAME = AccentColor;
				CODE_SIGN_STYLE = Automatic;
				DEVELOPMENT_ASSET_PATHS = "\"Think/Preview Content\"";
				DEVELOPMENT_TEAM = W4MF6H9XZ6;
				ENABLE_PREVIEWS = YES;
				INFOPLIST_FILE = "Think/Supporting Files/Info.plist";
				IPHONEOS_DEPLOYMENT_TARGET = 15.0;
				LD_RUNPATH_SEARCH_PATHS = (
					"$(inherited)",
					"@executable_path/Frameworks",
				);
				PRODUCT_BUNDLE_IDENTIFIER = tonygo.dev.Think;
				PRODUCT_NAME = "$(TARGET_NAME)";
				SWIFT_VERSION = 5.0;
				TARGETED_DEVICE_FAMILY = "1,2";
			};
			name = Debug;
		};
		EB33150A2698C03B0072661C /* Release */ = {
			isa = XCBuildConfiguration;
			buildSettings = {
				ASSETCATALOG_COMPILER_APPICON_NAME = AppIcon;
				ASSETCATALOG_COMPILER_GLOBAL_ACCENT_COLOR_NAME = AccentColor;
				CODE_SIGN_STYLE = Automatic;
				DEVELOPMENT_ASSET_PATHS = "\"Think/Preview Content\"";
				DEVELOPMENT_TEAM = W4MF6H9XZ6;
				ENABLE_PREVIEWS = YES;
				INFOPLIST_FILE = "Think/Supporting Files/Info.plist";
				IPHONEOS_DEPLOYMENT_TARGET = 15.0;
				LD_RUNPATH_SEARCH_PATHS = (
					"$(inherited)",
					"@executable_path/Frameworks",
				);
				PRODUCT_BUNDLE_IDENTIFIER = tonygo.dev.Think;
				PRODUCT_NAME = "$(TARGET_NAME)";
				SWIFT_VERSION = 5.0;
				TARGETED_DEVICE_FAMILY = "1,2";
			};
			name = Release;
		};
		EB33150C2698C03B0072661C /* Debug */ = {
			isa = XCBuildConfiguration;
			buildSettings = {
				ALWAYS_EMBED_SWIFT_STANDARD_LIBRARIES = YES;
				BUNDLE_LOADER = "$(TEST_HOST)";
				CODE_SIGN_STYLE = Automatic;
				DEVELOPMENT_TEAM = W4MF6H9XZ6;
				INFOPLIST_FILE = ThinkTests/Info.plist;
				IPHONEOS_DEPLOYMENT_TARGET = 15.0;
				LD_RUNPATH_SEARCH_PATHS = (
					"$(inherited)",
					"@executable_path/Frameworks",
					"@loader_path/Frameworks",
				);
				PRODUCT_BUNDLE_IDENTIFIER = tonygo.dev.ThinkTests;
				PRODUCT_NAME = "$(TARGET_NAME)";
				SWIFT_VERSION = 5.0;
				TARGETED_DEVICE_FAMILY = "1,2";
				TEST_HOST = "$(BUILT_PRODUCTS_DIR)/Think.app/Think";
			};
			name = Debug;
		};
		EB33150D2698C03B0072661C /* Release */ = {
			isa = XCBuildConfiguration;
			buildSettings = {
				ALWAYS_EMBED_SWIFT_STANDARD_LIBRARIES = YES;
				BUNDLE_LOADER = "$(TEST_HOST)";
				CODE_SIGN_STYLE = Automatic;
				DEVELOPMENT_TEAM = W4MF6H9XZ6;
				INFOPLIST_FILE = ThinkTests/Info.plist;
				IPHONEOS_DEPLOYMENT_TARGET = 15.0;
				LD_RUNPATH_SEARCH_PATHS = (
					"$(inherited)",
					"@executable_path/Frameworks",
					"@loader_path/Frameworks",
				);
				PRODUCT_BUNDLE_IDENTIFIER = tonygo.dev.ThinkTests;
				PRODUCT_NAME = "$(TARGET_NAME)";
				SWIFT_VERSION = 5.0;
				TARGETED_DEVICE_FAMILY = "1,2";
				TEST_HOST = "$(BUILT_PRODUCTS_DIR)/Think.app/Think";
			};
			name = Release;
		};
		EB33150F2698C03B0072661C /* Debug */ = {
			isa = XCBuildConfiguration;
			buildSettings = {
				ALWAYS_EMBED_SWIFT_STANDARD_LIBRARIES = YES;
				CODE_SIGN_STYLE = Automatic;
				DEVELOPMENT_TEAM = W4MF6H9XZ6;
				INFOPLIST_FILE = ThinkUITests/Info.plist;
				IPHONEOS_DEPLOYMENT_TARGET = 15.0;
				LD_RUNPATH_SEARCH_PATHS = (
					"$(inherited)",
					"@executable_path/Frameworks",
					"@loader_path/Frameworks",
				);
				PRODUCT_BUNDLE_IDENTIFIER = tonygo.dev.ThinkUITests;
				PRODUCT_NAME = "$(TARGET_NAME)";
				SWIFT_VERSION = 5.0;
				TARGETED_DEVICE_FAMILY = "1,2";
				TEST_TARGET_NAME = Think;
			};
			name = Debug;
		};
		EB3315102698C03B0072661C /* Release */ = {
			isa = XCBuildConfiguration;
			buildSettings = {
				ALWAYS_EMBED_SWIFT_STANDARD_LIBRARIES = YES;
				CODE_SIGN_STYLE = Automatic;
				DEVELOPMENT_TEAM = W4MF6H9XZ6;
				INFOPLIST_FILE = ThinkUITests/Info.plist;
				IPHONEOS_DEPLOYMENT_TARGET = 15.0;
				LD_RUNPATH_SEARCH_PATHS = (
					"$(inherited)",
					"@executable_path/Frameworks",
					"@loader_path/Frameworks",
				);
				PRODUCT_BUNDLE_IDENTIFIER = tonygo.dev.ThinkUITests;
				PRODUCT_NAME = "$(TARGET_NAME)";
				SWIFT_VERSION = 5.0;
				TARGETED_DEVICE_FAMILY = "1,2";
				TEST_TARGET_NAME = Think;
			};
			name = Release;
		};
/* End XCBuildConfiguration section */

/* Begin XCConfigurationList section */
		EB3314DE2698C0390072661C /* Build configuration list for PBXProject "Think" */ = {
			isa = XCConfigurationList;
			buildConfigurations = (
				EB3315062698C03B0072661C /* Debug */,
				EB3315072698C03B0072661C /* Release */,
			);
			defaultConfigurationIsVisible = 0;
			defaultConfigurationName = Release;
		};
		EB3315082698C03B0072661C /* Build configuration list for PBXNativeTarget "Think" */ = {
			isa = XCConfigurationList;
			buildConfigurations = (
				EB3315092698C03B0072661C /* Debug */,
				EB33150A2698C03B0072661C /* Release */,
			);
			defaultConfigurationIsVisible = 0;
			defaultConfigurationName = Release;
		};
		EB33150B2698C03B0072661C /* Build configuration list for PBXNativeTarget "ThinkTests" */ = {
			isa = XCConfigurationList;
			buildConfigurations = (
				EB33150C2698C03B0072661C /* Debug */,
				EB33150D2698C03B0072661C /* Release */,
			);
			defaultConfigurationIsVisible = 0;
			defaultConfigurationName = Release;
		};
		EB33150E2698C03B0072661C /* Build configuration list for PBXNativeTarget "ThinkUITests" */ = {
			isa = XCConfigurationList;
			buildConfigurations = (
				EB33150F2698C03B0072661C /* Debug */,
				EB3315102698C03B0072661C /* Release */,
			);
			defaultConfigurationIsVisible = 0;
			defaultConfigurationName = Release;
		};
/* End XCConfigurationList section */

/* Begin XCVersionGroup section */
		EBFBBAEF270719AF00B48CE9 /* Store.xcdatamodeld */ = {
			isa = XCVersionGroup;
			children = (
				EBFBBAF0270719AF00B48CE9 /* Store.xcdatamodel */,
			);
			currentVersion = EBFBBAF0270719AF00B48CE9 /* Store.xcdatamodel */;
			path = Store.xcdatamodeld;
			sourceTree = "<group>";
			versionGroupType = wrapper.xcdatamodel;
		};
/* End XCVersionGroup section */
	};
	rootObject = EB3314DB2698C0390072661C /* Project object */;
}
